
Microsoft Visual Studio Solution File, Format Version 12.00
# Visual Studio Version 16
VisualStudioVersion = 16.0.28729.10
MinimumVisualStudioVersion = 10.0.40219.1
Project("{2150E333-8FDC-42A3-9474-1A3956D46DE8}") = "client", "client", "{C2705447-0039-4E82-A99C-9D4B6F854C6B}"
EndProject
Project("{FAE04EC0-301F-11D3-BF4B-00C04F79EFBC}") = "SysHv.Client.WinService", "SysHv.Client.WinService\SysHv.Client.WinService.csproj", "{982E7E19-5E22-4948-A311-2D5FCAF02EFB}"
EndProject
Project("{FAE04EC0-301F-11D3-BF4B-00C04F79EFBC}") = "RabbitMQCommunications", "RabbitMQ\RabbitMQCommunications\RabbitMQCommunications.csproj", "{6AC34E9C-BA61-4580-B2DE-BA2F12C7BE76}"
EndProject
Project("{2150E333-8FDC-42A3-9474-1A3956D46DE8}") = "RabbitMQ", "RabbitMQ", "{D36C20C9-FC63-4F10-91CA-8E106BB5A167}"
EndProject
Project("{FAE04EC0-301F-11D3-BF4B-00C04F79EFBC}") = "ClientApp", "RabbitMQ\ClientApp\ClientApp.csproj", "{40D45708-B0A6-4197-BB86-85C5F1EBB115}"
EndProject
Project("{FAE04EC0-301F-11D3-BF4B-00C04F79EFBC}") = "ServerApp", "RabbitMQ\ServerApp\ServerApp.csproj", "{30C87607-6897-45D9-A701-0FCEE56F69FE}"
EndProject
Project("{FAE04EC0-301F-11D3-BF4B-00C04F79EFBC}") = "SysHv.Client.Common", "SysHv.Client.Common\SysHv.Client.Common.csproj", "{FBFFC950-1ED2-4242-85D1-C831DBD868E1}"
EndProject
Project("{2150E333-8FDC-42A3-9474-1A3956D46DE8}") = "server", "server", "{4EE6DC45-3F72-4714-A3AC-EC81DDB90867}"
EndProject
Project("{FAE04EC0-301F-11D3-BF4B-00C04F79EFBC}") = "SysHv.Server", "SysHv.Server\SysHv.Server.csproj", "{B7A49F3E-F31C-4E51-9043-DEA283A6CC20}"
EndProject
Project("{2150E333-8FDC-42A3-9474-1A3956D46DE8}") = "WinAdminClient", "WinAdminClient", "{CF73C88E-C55D-4C1D-A4C4-28CFB3400C28}"
EndProject
Project("{FAE04EC0-301F-11D3-BF4B-00C04F79EFBC}") = "WinAdminClient", "SysHv.WinAdminClient\WinAdminClient\WinAdminClient.csproj", "{BAB2734B-2CE9-4CBD-9D74-D8E4CB151B57}"
EndProject
Project("{930C7802-8A8C-48F9-8165-68863BCCD9DD}") = "WinAdminClient.Setup", "SysHv.WinAdminClient\WinAdminClient.Setup\WinAdminClient.Setup\WinAdminClient.Setup.wixproj", "{2257B1DD-99F7-4256-8D08-4DE6953E9961}"
EndProject
Global
	GlobalSection(SolutionConfigurationPlatforms) = preSolution
		Debug|Any CPU = Debug|Any CPU
		Debug|x64 = Debug|x64
		Debug|x86 = Debug|x86
		Release|Any CPU = Release|Any CPU
		Release|x64 = Release|x64
		Release|x86 = Release|x86
	EndGlobalSection
	GlobalSection(ProjectConfigurationPlatforms) = postSolution
		{982E7E19-5E22-4948-A311-2D5FCAF02EFB}.Debug|Any CPU.ActiveCfg = Debug|Any CPU
		{982E7E19-5E22-4948-A311-2D5FCAF02EFB}.Debug|Any CPU.Build.0 = Debug|Any CPU
		{982E7E19-5E22-4948-A311-2D5FCAF02EFB}.Debug|x64.ActiveCfg = Debug|Any CPU
		{982E7E19-5E22-4948-A311-2D5FCAF02EFB}.Debug|x64.Build.0 = Debug|Any CPU
		{982E7E19-5E22-4948-A311-2D5FCAF02EFB}.Debug|x86.ActiveCfg = Debug|Any CPU
		{982E7E19-5E22-4948-A311-2D5FCAF02EFB}.Debug|x86.Build.0 = Debug|Any CPU
		{982E7E19-5E22-4948-A311-2D5FCAF02EFB}.Release|Any CPU.ActiveCfg = Release|Any CPU
		{982E7E19-5E22-4948-A311-2D5FCAF02EFB}.Release|Any CPU.Build.0 = Release|Any CPU
		{982E7E19-5E22-4948-A311-2D5FCAF02EFB}.Release|x64.ActiveCfg = Release|Any CPU
		{982E7E19-5E22-4948-A311-2D5FCAF02EFB}.Release|x64.Build.0 = Release|Any CPU
		{982E7E19-5E22-4948-A311-2D5FCAF02EFB}.Release|x86.ActiveCfg = Release|Any CPU
		{982E7E19-5E22-4948-A311-2D5FCAF02EFB}.Release|x86.Build.0 = Release|Any CPU
		{6AC34E9C-BA61-4580-B2DE-BA2F12C7BE76}.Debug|Any CPU.ActiveCfg = Debug|Any CPU
		{6AC34E9C-BA61-4580-B2DE-BA2F12C7BE76}.Debug|Any CPU.Build.0 = Debug|Any CPU
		{6AC34E9C-BA61-4580-B2DE-BA2F12C7BE76}.Debug|x64.ActiveCfg = Debug|Any CPU
		{6AC34E9C-BA61-4580-B2DE-BA2F12C7BE76}.Debug|x64.Build.0 = Debug|Any CPU
		{6AC34E9C-BA61-4580-B2DE-BA2F12C7BE76}.Debug|x86.ActiveCfg = Debug|Any CPU
		{6AC34E9C-BA61-4580-B2DE-BA2F12C7BE76}.Debug|x86.Build.0 = Debug|Any CPU
		{6AC34E9C-BA61-4580-B2DE-BA2F12C7BE76}.Release|Any CPU.ActiveCfg = Release|Any CPU
		{6AC34E9C-BA61-4580-B2DE-BA2F12C7BE76}.Release|Any CPU.Build.0 = Release|Any CPU
		{6AC34E9C-BA61-4580-B2DE-BA2F12C7BE76}.Release|x64.ActiveCfg = Release|Any CPU
		{6AC34E9C-BA61-4580-B2DE-BA2F12C7BE76}.Release|x64.Build.0 = Release|Any CPU
		{6AC34E9C-BA61-4580-B2DE-BA2F12C7BE76}.Release|x86.ActiveCfg = Release|Any CPU
		{6AC34E9C-BA61-4580-B2DE-BA2F12C7BE76}.Release|x86.Build.0 = Release|Any CPU
		{40D45708-B0A6-4197-BB86-85C5F1EBB115}.Debug|Any CPU.ActiveCfg = Debug|Any CPU
		{40D45708-B0A6-4197-BB86-85C5F1EBB115}.Debug|Any CPU.Build.0 = Debug|Any CPU
		{40D45708-B0A6-4197-BB86-85C5F1EBB115}.Debug|x64.ActiveCfg = Debug|Any CPU
		{40D45708-B0A6-4197-BB86-85C5F1EBB115}.Debug|x64.Build.0 = Debug|Any CPU
		{40D45708-B0A6-4197-BB86-85C5F1EBB115}.Debug|x86.ActiveCfg = Debug|Any CPU
		{40D45708-B0A6-4197-BB86-85C5F1EBB115}.Debug|x86.Build.0 = Debug|Any CPU
		{40D45708-B0A6-4197-BB86-85C5F1EBB115}.Release|Any CPU.ActiveCfg = Release|Any CPU
		{40D45708-B0A6-4197-BB86-85C5F1EBB115}.Release|Any CPU.Build.0 = Release|Any CPU
		{40D45708-B0A6-4197-BB86-85C5F1EBB115}.Release|x64.ActiveCfg = Release|Any CPU
		{40D45708-B0A6-4197-BB86-85C5F1EBB115}.Release|x64.Build.0 = Release|Any CPU
		{40D45708-B0A6-4197-BB86-85C5F1EBB115}.Release|x86.ActiveCfg = Release|Any CPU
		{40D45708-B0A6-4197-BB86-85C5F1EBB115}.Release|x86.Build.0 = Release|Any CPU
		{30C87607-6897-45D9-A701-0FCEE56F69FE}.Debug|Any CPU.ActiveCfg = Debug|Any CPU
		{30C87607-6897-45D9-A701-0FCEE56F69FE}.Debug|Any CPU.Build.0 = Debug|Any CPU
		{30C87607-6897-45D9-A701-0FCEE56F69FE}.Debug|x64.ActiveCfg = Debug|Any CPU
		{30C87607-6897-45D9-A701-0FCEE56F69FE}.Debug|x64.Build.0 = Debug|Any CPU
		{30C87607-6897-45D9-A701-0FCEE56F69FE}.Debug|x86.ActiveCfg = Debug|Any CPU
		{30C87607-6897-45D9-A701-0FCEE56F69FE}.Debug|x86.Build.0 = Debug|Any CPU
		{30C87607-6897-45D9-A701-0FCEE56F69FE}.Release|Any CPU.ActiveCfg = Release|Any CPU
		{30C87607-6897-45D9-A701-0FCEE56F69FE}.Release|Any CPU.Build.0 = Release|Any CPU
		{30C87607-6897-45D9-A701-0FCEE56F69FE}.Release|x64.ActiveCfg = Release|Any CPU
		{30C87607-6897-45D9-A701-0FCEE56F69FE}.Release|x64.Build.0 = Release|Any CPU
		{30C87607-6897-45D9-A701-0FCEE56F69FE}.Release|x86.ActiveCfg = Release|Any CPU
		{30C87607-6897-45D9-A701-0FCEE56F69FE}.Release|x86.Build.0 = Release|Any CPU
		{FBFFC950-1ED2-4242-85D1-C831DBD868E1}.Debug|Any CPU.ActiveCfg = Debug|Any CPU
		{FBFFC950-1ED2-4242-85D1-C831DBD868E1}.Debug|Any CPU.Build.0 = Debug|Any CPU
		{FBFFC950-1ED2-4242-85D1-C831DBD868E1}.Debug|x64.ActiveCfg = Debug|Any CPU
		{FBFFC950-1ED2-4242-85D1-C831DBD868E1}.Debug|x64.Build.0 = Debug|Any CPU
		{FBFFC950-1ED2-4242-85D1-C831DBD868E1}.Debug|x86.ActiveCfg = Debug|Any CPU
		{FBFFC950-1ED2-4242-85D1-C831DBD868E1}.Debug|x86.Build.0 = Debug|Any CPU
		{FBFFC950-1ED2-4242-85D1-C831DBD868E1}.Release|Any CPU.ActiveCfg = Release|Any CPU
		{FBFFC950-1ED2-4242-85D1-C831DBD868E1}.Release|Any CPU.Build.0 = Release|Any CPU
		{FBFFC950-1ED2-4242-85D1-C831DBD868E1}.Release|x64.ActiveCfg = Release|Any CPU
		{FBFFC950-1ED2-4242-85D1-C831DBD868E1}.Release|x64.Build.0 = Release|Any CPU
		{FBFFC950-1ED2-4242-85D1-C831DBD868E1}.Release|x86.ActiveCfg = Release|Any CPU
		{FBFFC950-1ED2-4242-85D1-C831DBD868E1}.Release|x86.Build.0 = Release|Any CPU
		{B7A49F3E-F31C-4E51-9043-DEA283A6CC20}.Debug|Any CPU.ActiveCfg = Debug|Any CPU
		{B7A49F3E-F31C-4E51-9043-DEA283A6CC20}.Debug|Any CPU.Build.0 = Debug|Any CPU
		{B7A49F3E-F31C-4E51-9043-DEA283A6CC20}.Debug|x64.ActiveCfg = Debug|Any CPU
		{B7A49F3E-F31C-4E51-9043-DEA283A6CC20}.Debug|x64.Build.0 = Debug|Any CPU
		{B7A49F3E-F31C-4E51-9043-DEA283A6CC20}.Debug|x86.ActiveCfg = Debug|Any CPU
		{B7A49F3E-F31C-4E51-9043-DEA283A6CC20}.Debug|x86.Build.0 = Debug|Any CPU
		{B7A49F3E-F31C-4E51-9043-DEA283A6CC20}.Release|Any CPU.ActiveCfg = Release|Any CPU
		{B7A49F3E-F31C-4E51-9043-DEA283A6CC20}.Release|Any CPU.Build.0 = Release|Any CPU
		{B7A49F3E-F31C-4E51-9043-DEA283A6CC20}.Release|x64.ActiveCfg = Release|Any CPU
		{B7A49F3E-F31C-4E51-9043-DEA283A6CC20}.Release|x64.Build.0 = Release|Any CPU
		{B7A49F3E-F31C-4E51-9043-DEA283A6CC20}.Release|x86.ActiveCfg = Release|Any CPU
		{B7A49F3E-F31C-4E51-9043-DEA283A6CC20}.Release|x86.Build.0 = Release|Any CPU
		{BAB2734B-2CE9-4CBD-9D74-D8E4CB151B57}.Debug|Any CPU.ActiveCfg = Debug|Any CPU
		{BAB2734B-2CE9-4CBD-9D74-D8E4CB151B57}.Debug|Any CPU.Build.0 = Debug|Any CPU
		{BAB2734B-2CE9-4CBD-9D74-D8E4CB151B57}.Debug|x64.ActiveCfg = Debug|Any CPU
		{BAB2734B-2CE9-4CBD-9D74-D8E4CB151B57}.Debug|x64.Build.0 = Debug|Any CPU
		{BAB2734B-2CE9-4CBD-9D74-D8E4CB151B57}.Debug|x86.ActiveCfg = Debug|Any CPU
		{BAB2734B-2CE9-4CBD-9D74-D8E4CB151B57}.Debug|x86.Build.0 = Debug|Any CPU
		{BAB2734B-2CE9-4CBD-9D74-D8E4CB151B57}.Release|Any CPU.ActiveCfg = Release|Any CPU
		{BAB2734B-2CE9-4CBD-9D74-D8E4CB151B57}.Release|Any CPU.Build.0 = Release|Any CPU
		{BAB2734B-2CE9-4CBD-9D74-D8E4CB151B57}.Release|x64.ActiveCfg = Release|Any CPU
		{BAB2734B-2CE9-4CBD-9D74-D8E4CB151B57}.Release|x64.Build.0 = Release|Any CPU
		{BAB2734B-2CE9-4CBD-9D74-D8E4CB151B57}.Release|x86.ActiveCfg = Release|Any CPU
		{BAB2734B-2CE9-4CBD-9D74-D8E4CB151B57}.Release|x86.Build.0 = Release|Any CPU
		{2257B1DD-99F7-4256-8D08-4DE6953E9961}.Debug|Any CPU.ActiveCfg = Debug|x86
		{2257B1DD-99F7-4256-8D08-4DE6953E9961}.Debug|x64.ActiveCfg = Debug|x86
		{2257B1DD-99F7-4256-8D08-4DE6953E9961}.Debug|x86.ActiveCfg = Debug|x86
		{2257B1DD-99F7-4256-8D08-4DE6953E9961}.Debug|x86.Build.0 = Debug|x86
		{2257B1DD-99F7-4256-8D08-4DE6953E9961}.Release|Any CPU.ActiveCfg = Release|x86
		{2257B1DD-99F7-4256-8D08-4DE6953E9961}.Release|x64.ActiveCfg = Release|x86
		{2257B1DD-99F7-4256-8D08-4DE6953E9961}.Release|x86.ActiveCfg = Release|x86
		{2257B1DD-99F7-4256-8D08-4DE6953E9961}.Release|x86.Build.0 = Release|x86
	EndGlobalSection
	GlobalSection(SolutionProperties) = preSolution
		HideSolutionNode = FALSE
	EndGlobalSection
	GlobalSection(NestedProjects) = preSolution
		{982E7E19-5E22-4948-A311-2D5FCAF02EFB} = {C2705447-0039-4E82-A99C-9D4B6F854C6B}
		{6AC34E9C-BA61-4580-B2DE-BA2F12C7BE76} = {D36C20C9-FC63-4F10-91CA-8E106BB5A167}
		{40D45708-B0A6-4197-BB86-85C5F1EBB115} = {D36C20C9-FC63-4F10-91CA-8E106BB5A167}
		{30C87607-6897-45D9-A701-0FCEE56F69FE} = {D36C20C9-FC63-4F10-91CA-8E106BB5A167}
		{B7A49F3E-F31C-4E51-9043-DEA283A6CC20} = {4EE6DC45-3F72-4714-A3AC-EC81DDB90867}
		{BAB2734B-2CE9-4CBD-9D74-D8E4CB151B57} = {CF73C88E-C55D-4C1D-A4C4-28CFB3400C28}
		{2257B1DD-99F7-4256-8D08-4DE6953E9961} = {CF73C88E-C55D-4C1D-A4C4-28CFB3400C28}
	EndGlobalSection
	GlobalSection(ExtensibilityGlobals) = postSolution
		SolutionGuid = {D07E76CC-F6A4-46F4-9E0F-F0EF0952E947}
	EndGlobalSection
EndGlobal
